
Microsoft Visual Studio Solution File, Format Version 12.00
# Visual Studio Version 17
VisualStudioVersion = 17.0.31903.59
MinimumVisualStudioVersion = 10.0.40219.1
Project("{FAE04EC0-301F-11D3-BF4B-00C04F79EFBC}") = "RatAnalyzer.Desktop", "wpf-gui\RatAnalyzer.Desktop.csproj", "{73D492CC-0C2E-4F46-B92F-1D9731EFB3EC}"
EndProject
Project("{FAE04EC0-301F-11D3-BF4B-00C04F79EFBC}") = "VmAgent", "vm-agent\VmAgent.csproj", "{8C2BF9A4-462F-49D4-94EE-98BB5D890829}"
EndProject
Project("{FAE04EC0-301F-11D3-BF4B-00C04F79EFBC}") = "BenignVmTest", "benign-vm-test\BenignVmTest.csproj", "{89D09D85-38CA-486E-A766-2B782637B064}"
EndProject
Project("{2150E333-8FDC-42A3-9474-1A3956D46DE8}") = "vm-agent", "vm-agent", "{46AC6413-9D56-4B2F-B4D9-8F24CCAFDAB9}"
EndProject
Project("{FAE04EC0-301F-11D3-BF4B-00C04F79EFBC}") = "VmAgent.Tests", "vm-agent\VmAgent.Tests\VmAgent.Tests.csproj", "{5ADDA8EF-0C4B-4349-8D2E-7156959319C1}"
EndProject
Project("{2150E333-8FDC-42A3-9474-1A3956D46DE8}") = "wpf-gui", "wpf-gui", "{4959FA19-D2C2-4D5A-8097-4EB49567DB8A}"
EndProject
Project("{FAE04EC0-301F-11D3-BF4B-00C04F79EFBC}") = "RatAnalyzer.Desktop.Tests", "wpf-gui\RatAnalyzer.Desktop.Tests\RatAnalyzer.Desktop.Tests.csproj", "{4B9212F9-B9CA-4121-B67A-5D4BD7BFD35A}"
EndProject
Project("{2150E333-8FDC-42A3-9474-1A3956D46DE8}") = "benign-vm-test", "benign-vm-test", "{CA5264CB-DE55-4061-B7FD-B6116AA5D412}"
EndProject
Project("{FAE04EC0-301F-11D3-BF4B-00C04F79EFBC}") = "BenignVmTest.Tests", "benign-vm-test\BenignVmTest.Tests\BenignVmTest.Tests.csproj", "{005941B9-DDCE-4B4A-8777-A3B2E2EF0A23}"
EndProject
Project("{2150E333-8FDC-42A3-9474-1A3956D46DE8}") = "programa", "programa", "{A413C3D8-E19B-4DAD-8ACB-0C320C32C6AE}"
EndProject
Project("{FAE04EC0-301F-11D3-BF4B-00C04F79EFBC}") = "MeuExemplo", "programa\MeuExemplo\MeuExemplo.csproj", "{8390E9DE-9BDF-4C99-AD17-2A6D8AABFC31}"
EndProject
Global
	GlobalSection(SolutionConfigurationPlatforms) = preSolution
		Debug|Any CPU = Debug|Any CPU
		Release|Any CPU = Release|Any CPU
	EndGlobalSection
	GlobalSection(SolutionProperties) = preSolution
		HideSolutionNode = FALSE
	EndGlobalSection
	GlobalSection(ProjectConfigurationPlatforms) = postSolution
		{73D492CC-0C2E-4F46-B92F-1D9731EFB3EC}.Debug|Any CPU.ActiveCfg = Debug|Any CPU
		{73D492CC-0C2E-4F46-B92F-1D9731EFB3EC}.Debug|Any CPU.Build.0 = Debug|Any CPU
		{73D492CC-0C2E-4F46-B92F-1D9731EFB3EC}.Release|Any CPU.ActiveCfg = Release|Any CPU
		{73D492CC-0C2E-4F46-B92F-1D9731EFB3EC}.Release|Any CPU.Build.0 = Release|Any CPU
		{8C2BF9A4-462F-49D4-94EE-98BB5D890829}.Debug|Any CPU.ActiveCfg = Debug|Any CPU
		{8C2BF9A4-462F-49D4-94EE-98BB5D890829}.Debug|Any CPU.Build.0 = Debug|Any CPU
		{8C2BF9A4-462F-49D4-94EE-98BB5D890829}.Release|Any CPU.ActiveCfg = Release|Any CPU
		{8C2BF9A4-462F-49D4-94EE-98BB5D890829}.Release|Any CPU.Build.0 = Release|Any CPU
		{89D09D85-38CA-486E-A766-2B782637B064}.Debug|Any CPU.ActiveCfg = Debug|Any CPU
		{89D09D85-38CA-486E-A766-2B782637B064}.Debug|Any CPU.Build.0 = Debug|Any CPU
		{89D09D85-38CA-486E-A766-2B782637B064}.Release|Any CPU.ActiveCfg = Release|Any CPU
		{89D09D85-38CA-486E-A766-2B782637B064}.Release|Any CPU.Build.0 = Release|Any CPU
		{5ADDA8EF-0C4B-4349-8D2E-7156959319C1}.Debug|Any CPU.ActiveCfg = Debug|Any CPU
		{5ADDA8EF-0C4B-4349-8D2E-7156959319C1}.Debug|Any CPU.Build.0 = Debug|Any CPU
		{5ADDA8EF-0C4B-4349-8D2E-7156959319C1}.Release|Any CPU.ActiveCfg = Release|Any CPU
		{5ADDA8EF-0C4B-4349-8D2E-7156959319C1}.Release|Any CPU.Build.0 = Release|Any CPU
		{4B9212F9-B9CA-4121-B67A-5D4BD7BFD35A}.Debug|Any CPU.ActiveCfg = Debug|Any CPU
		{4B9212F9-B9CA-4121-B67A-5D4BD7BFD35A}.Debug|Any CPU.Build.0 = Debug|Any CPU
		{4B9212F9-B9CA-4121-B67A-5D4BD7BFD35A}.Release|Any CPU.ActiveCfg = Release|Any CPU
		{4B9212F9-B9CA-4121-B67A-5D4BD7BFD35A}.Release|Any CPU.Build.0 = Release|Any CPU
		{005941B9-DDCE-4B4A-8777-A3B2E2EF0A23}.Debug|Any CPU.ActiveCfg = Debug|Any CPU
		{005941B9-DDCE-4B4A-8777-A3B2E2EF0A23}.Debug|Any CPU.Build.0 = Debug|Any CPU
		{005941B9-DDCE-4B4A-8777-A3B2E2EF0A23}.Release|Any CPU.ActiveCfg = Release|Any CPU
		{005941B9-DDCE-4B4A-8777-A3B2E2EF0A23}.Release|Any CPU.Build.0 = Release|Any CPU
		{8390E9DE-9BDF-4C99-AD17-2A6D8AABFC31}.Debug|Any CPU.ActiveCfg = Debug|Any CPU
		{8390E9DE-9BDF-4C99-AD17-2A6D8AABFC31}.Debug|Any CPU.Build.0 = Debug|Any CPU
		{8390E9DE-9BDF-4C99-AD17-2A6D8AABFC31}.Release|Any CPU.ActiveCfg = Release|Any CPU
		{8390E9DE-9BDF-4C99-AD17-2A6D8AABFC31}.Release|Any CPU.Build.0 = Release|Any CPU
	EndGlobalSection
	GlobalSection(NestedProjects) = preSolution
		{5ADDA8EF-0C4B-4349-8D2E-7156959319C1} = {46AC6413-9D56-4B2F-B4D9-8F24CCAFDAB9}
		{4B9212F9-B9CA-4121-B67A-5D4BD7BFD35A} = {4959FA19-D2C2-4D5A-8097-4EB49567DB8A}
		{005941B9-DDCE-4B4A-8777-A3B2E2EF0A23} = {CA5264CB-DE55-4061-B7FD-B6116AA5D412}
		{89D09D85-38CA-486E-A766-2B782637B064} = {CA5264CB-DE55-4061-B7FD-B6116AA5D412}
		{8390E9DE-9BDF-4C99-AD17-2A6D8AABFC31} = {A413C3D8-E19B-4DAD-8ACB-0C320C32C6AE}
	EndGlobalSection
EndGlobal
