#
# This file is autogenerated by pip-compile with Python 3.14
# by the following command:
#
#    pip-compile --generate-hashes --output-file=requirements-ghidra.lock --strip-extras requirements-ghidra.txt
#
jpype1==1.5.2 \
    --hash=sha256:05dc6d2759111483a9c808a50e67f556efe494e999585c7d7e7d6d8a8ee58525 \
    --hash=sha256:0a0d18d4384b3df2e55282545737dfcf18c604504f1382ad14f880bef960f265 \
    --hash=sha256:156f469a976cc61f695a2455db6de7334774388e7d53c3da8a0a23d9c062d1b2 \
    --hash=sha256:1e1db9ac909ad2ae0e40b04c2aa88cb14250d5245d69715561507681f2b08b2f \
    --hash=sha256:220d33305998ff7a7cbc9c0b5eea54f2691fdc21e60d52ad56276ea13fd5bd4c \
    --hash=sha256:2b96365f1302df2fb3c6ad73117d6fe450a55b7550fd7fecadac3cec5bc7117c \
    --hash=sha256:42fe8db66ad4e5c66f637f5c4de82fca880ba696104e1f4a7e575885923dead8 \
    --hash=sha256:4acb098cb1698b14b6e5c79e275f4c70dcc01b0fb93425f206d0a5e380e43c66 \
    --hash=sha256:4ea5001f6a7a42be6f5f500dcb20dad5738fef6a7d19c86dbcf482b803f01cab \
    --hash=sha256:538e395365d54bd9777c782f0ba55c3c9a81f1b6a71869945711c042e4cdca8e \
    --hash=sha256:54744265ef36665d110d139a4b81d10532694c6077b23ef60f3609feadc22d30 \
    --hash=sha256:670daf6b13f32653438ebde81aa30f6f48149b95dad4d80a40b3ebea47622164 \
    --hash=sha256:6819f231c651ef876ffb23158083ea498ff80b57c46da537148412aa22235a13 \
    --hash=sha256:68e1d118200fc46f4ea4bf20900081587ec04de484037c997b0a3b7c5eb71fe3 \
    --hash=sha256:6f1ed152fdd5200067dc0cdcd4683530b87a6be3987b98596cdf5a7d3ac4c679 \
    --hash=sha256:74a42eccf21d30394c1832aec3985a14965fa5320da087b65029d172c0cec43b \
    --hash=sha256:7b2da98c142812ca40a18a735b33e47c6511b03debf1e979630f4cf473b68a87 \
    --hash=sha256:8b75d33e93a3bc6543ddf97c24ee0adb5a86a69fb67f0e4f4fa1c8c3970bbf98 \
    --hash=sha256:924b0a0cf93d3dddb3f79286fbe40f8c901c78ed61216edbe108666234df43e0 \
    --hash=sha256:994fb7b319b453f77ad4b6aff01e0dd4180ea74a6fe5a031e4e9db92dbe95376 \
    --hash=sha256:9fd339787973cfd7abca1afd495b1ed6373a62c0b5a365caa02ac5ac46a606be \
    --hash=sha256:a54a771ee56260f98e5b9a77455084e4a48061967de13dabf628bdba9c8122e0 \
    --hash=sha256:b5b1fb2b430a50f081ea0ee24d19232ae0d03dbfe3dd076ec5f8ae42b30a656f \
    --hash=sha256:b900e154826a076118d074166596f1d817e113e07084bf0c9c43d8064a86ab77 \
    --hash=sha256:bafa7841d70f6290de42125fbfedd7028d805cf95c5e7a2984681f5677e30ee1 \
    --hash=sha256:bec2f1009d7221fb3443decfb8f326039febc93578aadedfb3e052dab0afbf5a \
    --hash=sha256:c08480c7d18125664a12bf0a244b96b49c05105306b65937dbefeb05ab4b2847 \
    --hash=sha256:c3e4531677f41bed635efae17a4f8ceaaea7daf8e6a0a0dd5da153925bc54ca0 \
    --hash=sha256:c7b1c2d76d211cab60be16505d32a6b3c9fffc51ce79c68e81a3d48e5effff2d \
    --hash=sha256:c9f6ab8dd284c16e2617a697d54c3d0304b08020a37386ed96103a129391a2d9 \
    --hash=sha256:cdca93cc74f8db1f604d2ea6adb764dec4dec68528f1ee68308fa3d524095739 \
    --hash=sha256:e442956197b9ba73ff1a294f2814622fc68956f5caa3ac2fb3d14236669d6f67 \
    --hash=sha256:ea21bca4cece752cd3ee88fcd62ce8f444feac8dc7244475fdb9c0e8712e07ea \
    --hash=sha256:fcfc5c1d45d6b108800d172ea817bda585db7f1646d6a98d14da9aca66e0eb44
    # via pyghidra
packaging==26.2 \
    --hash=sha256:5fc45236b9446107ff2415ce77c807cee2862cb6fac22b8a73826d0693b0980e \
    --hash=sha256:ff452ff5a3e828ce110190feff1178bb1f2ea2281fa2075aadb987c2fb221661
    # via
    #   jpype1
    #   pyghidra
pyghidra==3.1.0 \
    --hash=sha256:2106ac131eb9a4990a79ee84dc2d39a792cf7b2d0de5eaaf1b0e6d7d2d290bb6 \
    --hash=sha256:62d76e4c42352fc38cb3a9526ba7e25681d21388c16e59a2d17e99aeaf47ac94
    # via -r requirements-ghidra.txt
