#
# This file is autogenerated by pip-compile with Python 3.14
# by the following command:
#
#    pip-compile --generate-hashes --output-file=requirements-gui.lock --strip-extras requirements-gui.txt
#
windnd==1.0.7 \
    --hash=sha256:357ed0b00e801342a6997f851ee3d5185da2ad4827e0d404d16a2684006c0244
    # via -r requirements-gui.txt
